
Microsoft Visual Studio Solution File, Format Version 12.00
# Visual Studio Version 16
VisualStudioVersion = 16.0.31019.35
MinimumVisualStudioVersion = 10.0.40219.1
Project("{9A19103F-16F7-4668-BE54-9A1E7A4F7556}") = "WeatherApp", "WeatherApp\WeatherApp.csproj", "{72CE471A-F072-4451-B774-F006998A19B5}"
EndProject
Project("{FAE04EC0-301F-11D3-BF4B-00C04F79EFBC}") = "WeatherAppTests", "WeatherAppTests\WeatherAppTests.csproj", "{93F432B8-CF9B-45F4-83C8-632A8244FA34}"
EndProject
Global
	GlobalSection(SolutionConfigurationPlatforms) = preSolution
		Debug|Any CPU = Debug|Any CPU
		Release|Any CPU = Release|Any CPU
	EndGlobalSection
	GlobalSection(ProjectConfigurationPlatforms) = postSolution
		{72CE471A-F072-4451-B774-F006998A19B5}.Debug|Any CPU.ActiveCfg = Debug|Any CPU
		{72CE471A-F072-4451-B774-F006998A19B5}.Debug|Any CPU.Build.0 = Debug|Any CPU
		{72CE471A-F072-4451-B774-F006998A19B5}.Release|Any CPU.ActiveCfg = Release|Any CPU
		{72CE471A-F072-4451-B774-F006998A19B5}.Release|Any CPU.Build.0 = Release|Any CPU
		{93F432B8-CF9B-45F4-83C8-632A8244FA34}.Debug|Any CPU.ActiveCfg = Debug|Any CPU
		{93F432B8-CF9B-45F4-83C8-632A8244FA34}.Debug|Any CPU.Build.0 = Debug|Any CPU
		{93F432B8-CF9B-45F4-83C8-632A8244FA34}.Release|Any CPU.ActiveCfg = Release|Any CPU
		{93F432B8-CF9B-45F4-83C8-632A8244FA34}.Release|Any CPU.Build.0 = Release|Any CPU
	EndGlobalSection
	GlobalSection(SolutionProperties) = preSolution
		HideSolutionNode = FALSE
	EndGlobalSection
	GlobalSection(ExtensibilityGlobals) = postSolution
		SolutionGuid = {DC89E8C1-269B-444A-9A56-FD9202A905C6}
	EndGlobalSection
EndGlobal
